
Microsoft Visual Studio Solution File, Format Version 12.00
# Visual Studio Version 17
VisualStudioVersion = 17.13.35931.197
MinimumVisualStudioVersion = 10.0.40219.1
Project("{FAE04EC0-301F-11D3-BF4B-00C04F79EFBC}") = "MotorControlGateway", "MotorControlGateway\MotorControlGateway.csproj", "{2D9EDC7F-CAED-400D-AE06-AEC9059E7065}"
EndProject
Global
	GlobalSection(SolutionConfigurationPlatforms) = preSolution
		Debug|Any CPU = Debug|Any CPU
		Release|Any CPU = Release|Any CPU
	EndGlobalSection
	GlobalSection(ProjectConfigurationPlatforms) = postSolution
		{2D9EDC7F-CAED-400D-AE06-AEC9059E7065}.Debug|Any CPU.ActiveCfg = Debug|Any CPU
		{2D9EDC7F-CAED-400D-AE06-AEC9059E7065}.Debug|Any CPU.Build.0 = Debug|Any CPU
		{2D9EDC7F-CAED-400D-AE06-AEC9059E7065}.Release|Any CPU.ActiveCfg = Release|Any CPU
		{2D9EDC7F-CAED-400D-AE06-AEC9059E7065}.Release|Any CPU.Build.0 = Release|Any CPU
	EndGlobalSection
	GlobalSection(SolutionProperties) = preSolution
		HideSolutionNode = FALSE
	EndGlobalSection
	GlobalSection(ExtensibilityGlobals) = postSolution
		SolutionGuid = {7B4BB34B-37E6-497A-B091-99C536183E6C}
	EndGlobalSection
EndGlobal
